
Microsoft Visual Studio Solution File, Format Version 12.00
# Visual Studio Version 17
VisualStudioVersion = 17.8.34525.116
MinimumVisualStudioVersion = 10.0.40219.1
Project("{FAE04EC0-301F-11D3-BF4B-00C04F79EFBC}") = "WeatherForecast", "WeatherForecast\WeatherForecast.csproj", "{7460086F-73F7-48FE-8EE4-14BCA70F2397}"
EndProject
Global
	GlobalSection(SolutionConfigurationPlatforms) = preSolution
		Debug|Any CPU = Debug|Any CPU
		Release|Any CPU = Release|Any CPU
	EndGlobalSection
	GlobalSection(ProjectConfigurationPlatforms) = postSolution
		{7460086F-73F7-48FE-8EE4-14BCA70F2397}.Debug|Any CPU.ActiveCfg = Debug|Any CPU
		{7460086F-73F7-48FE-8EE4-14BCA70F2397}.Debug|Any CPU.Build.0 = Debug|Any CPU
		{7460086F-73F7-48FE-8EE4-14BCA70F2397}.Release|Any CPU.ActiveCfg = Release|Any CPU
		{7460086F-73F7-48FE-8EE4-14BCA70F2397}.Release|Any CPU.Build.0 = Release|Any CPU
	EndGlobalSection
	GlobalSection(SolutionProperties) = preSolution
		HideSolutionNode = FALSE
	EndGlobalSection
	GlobalSection(ExtensibilityGlobals) = postSolution
		SolutionGuid = {3C3D5412-BF3C-488A-B3DD-B42013D2212A}
	EndGlobalSection
EndGlobal
